{
  "name": "test_website",
  "lockfileVersion": 2,
  "requires": true,
  "packages": {
    "": {
      "name": "test_website",
      "dependencies": {
        "leaflet-canvas-markers": "^1.0.7"
      }
    },
    "node_modules/leaflet": {
      "version": "1.9.4",
      "resolved": "https://registry.npmjs.org/leaflet/-/leaflet-1.9.4.tgz",
      "integrity": "sha512-nxS1ynzJOmOlHp+iL3FyWqK89GtNL8U8rvlMOsQdTTssxZwCXh8N2NB3GDQOL+YR3XnWyZAxwQixURb+FA74PA==",
      "peer": true
    },
    "node_modules/leaflet-canvas-markers": {
      "version": "1.0.7",
      "resolved": "https://registry.npmjs.org/leaflet-canvas-markers/-/leaflet-canvas-markers-1.0.7.tgz",
      "integrity": "sha512-A2XQLTsIWA45MT7Q1w0JscHkabHJaWmw4+8YV9E6wg9lomUwT26yJQSjVaRxPs9seQ0YExufUS50WHU41oNKJw==",
      "peerDependencies": {
        "leaflet": "^1.0.0"
      }
    }
  },
  "dependencies": {
    "leaflet": {
      "version": "1.9.4",
      "resolved": "https://registry.npmjs.org/leaflet/-/leaflet-1.9.4.tgz",
      "integrity": "sha512-nxS1ynzJOmOlHp+iL3FyWqK89GtNL8U8rvlMOsQdTTssxZwCXh8N2NB3GDQOL+YR3XnWyZAxwQixURb+FA74PA==",
      "peer": true
    },
    "leaflet-canvas-markers": {
      "version": "1.0.7",
      "resolved": "https://registry.npmjs.org/leaflet-canvas-markers/-/leaflet-canvas-markers-1.0.7.tgz",
      "integrity": "sha512-A2XQLTsIWA45MT7Q1w0JscHkabHJaWmw4+8YV9E6wg9lomUwT26yJQSjVaRxPs9seQ0YExufUS50WHU41oNKJw==",
      "requires": {}
    }
  }
}
